
Microsoft Visual Studio Solution File, Format Version 12.00
# Visual Studio 15
VisualStudioVersion = 15.0.26403.7
MinimumVisualStudioVersion = 10.0.40219.1
Project("{F184B08F-C81C-45F6-A57F-5ABD9991F28F}") = "FileRenamer", "FileRenamer\FileRenamer.vbproj", "{FDEA3E0A-4683-448F-A50A-FF031198E162}"
EndProject
Project("{F184B08F-C81C-45F6-A57F-5ABD9991F28F}") = "SubtituloContextApp", "SubtituloContextApp\SubtituloContextApp.vbproj", "{31F85E7B-5BC8-48E8-99F4-7CCD71EB8C66}"
EndProject
Project("{FAE04EC0-301F-11D3-BF4B-00C04F79EFBC}") = "FastDirectoryEnumerator", "FastDirectoryEnumerator\FastDirectoryEnumerator.csproj", "{B178092B-06CF-4FCF-9D20-69E14650136F}"
EndProject
Project("{54435603-DBB4-11D2-8724-00A0C9A8B90C}") = "FileRenamerSetup", "FileRenamerSetup\FileRenamerSetup.vdproj", "{B7B805E0-D5D1-42A6-B034-8C4EE96D487D}"
EndProject
Project("{FAE04EC0-301F-11D3-BF4B-00C04F79EFBC}") = "Markdown.Xaml", "Markdown.Xaml\Markdown.Xaml.csproj", "{34186C3B-C308-4CAE-B462-DB7B5F5E378C}"
EndProject
Global
	GlobalSection(SolutionConfigurationPlatforms) = preSolution
		Analysis|Any CPU = Analysis|Any CPU
		Debug|Any CPU = Debug|Any CPU
		Release|Any CPU = Release|Any CPU
	EndGlobalSection
	GlobalSection(ProjectConfigurationPlatforms) = postSolution
		{FDEA3E0A-4683-448F-A50A-FF031198E162}.Analysis|Any CPU.ActiveCfg = Release|Any CPU
		{FDEA3E0A-4683-448F-A50A-FF031198E162}.Analysis|Any CPU.Build.0 = Release|Any CPU
		{FDEA3E0A-4683-448F-A50A-FF031198E162}.Debug|Any CPU.ActiveCfg = Debug|Any CPU
		{FDEA3E0A-4683-448F-A50A-FF031198E162}.Debug|Any CPU.Build.0 = Debug|Any CPU
		{FDEA3E0A-4683-448F-A50A-FF031198E162}.Release|Any CPU.ActiveCfg = Release|Any CPU
		{FDEA3E0A-4683-448F-A50A-FF031198E162}.Release|Any CPU.Build.0 = Release|Any CPU
		{31F85E7B-5BC8-48E8-99F4-7CCD71EB8C66}.Analysis|Any CPU.ActiveCfg = Release|Any CPU
		{31F85E7B-5BC8-48E8-99F4-7CCD71EB8C66}.Analysis|Any CPU.Build.0 = Release|Any CPU
		{31F85E7B-5BC8-48E8-99F4-7CCD71EB8C66}.Debug|Any CPU.ActiveCfg = Debug|Any CPU
		{31F85E7B-5BC8-48E8-99F4-7CCD71EB8C66}.Debug|Any CPU.Build.0 = Debug|Any CPU
		{31F85E7B-5BC8-48E8-99F4-7CCD71EB8C66}.Release|Any CPU.ActiveCfg = Release|Any CPU
		{31F85E7B-5BC8-48E8-99F4-7CCD71EB8C66}.Release|Any CPU.Build.0 = Release|Any CPU
		{B178092B-06CF-4FCF-9D20-69E14650136F}.Analysis|Any CPU.ActiveCfg = Release|Any CPU
		{B178092B-06CF-4FCF-9D20-69E14650136F}.Analysis|Any CPU.Build.0 = Release|Any CPU
		{B178092B-06CF-4FCF-9D20-69E14650136F}.Debug|Any CPU.ActiveCfg = Debug|Any CPU
		{B178092B-06CF-4FCF-9D20-69E14650136F}.Debug|Any CPU.Build.0 = Debug|Any CPU
		{B178092B-06CF-4FCF-9D20-69E14650136F}.Release|Any CPU.ActiveCfg = Release|Any CPU
		{B178092B-06CF-4FCF-9D20-69E14650136F}.Release|Any CPU.Build.0 = Release|Any CPU
		{B7B805E0-D5D1-42A6-B034-8C4EE96D487D}.Analysis|Any CPU.ActiveCfg = Release
		{B7B805E0-D5D1-42A6-B034-8C4EE96D487D}.Analysis|Any CPU.Build.0 = Release
		{B7B805E0-D5D1-42A6-B034-8C4EE96D487D}.Debug|Any CPU.ActiveCfg = Debug
		{B7B805E0-D5D1-42A6-B034-8C4EE96D487D}.Release|Any CPU.ActiveCfg = Release
		{34186C3B-C308-4CAE-B462-DB7B5F5E378C}.Analysis|Any CPU.ActiveCfg = Analysis|Any CPU
		{34186C3B-C308-4CAE-B462-DB7B5F5E378C}.Analysis|Any CPU.Build.0 = Analysis|Any CPU
		{34186C3B-C308-4CAE-B462-DB7B5F5E378C}.Debug|Any CPU.ActiveCfg = Debug|Any CPU
		{34186C3B-C308-4CAE-B462-DB7B5F5E378C}.Debug|Any CPU.Build.0 = Debug|Any CPU
		{34186C3B-C308-4CAE-B462-DB7B5F5E378C}.Release|Any CPU.ActiveCfg = Release|Any CPU
		{34186C3B-C308-4CAE-B462-DB7B5F5E378C}.Release|Any CPU.Build.0 = Release|Any CPU
	EndGlobalSection
	GlobalSection(SolutionProperties) = preSolution
		HideSolutionNode = FALSE
	EndGlobalSection
EndGlobal
